{
  "version": 4,
  "terraform_version": "1.2.2",
  "serial": 9,
  "lineage": "d4c3ae39-d722-1885-fa01-35cdd298bafd",
  "outputs": {},
  "resources": [
    {
      "mode": "managed",
      "type": "docker_container",
      "name": "rollofarms",
      "provider": "provider[\"registry.terraform.io/kreuzwerker/docker\"]",
      "instances": []
    },
    {
      "mode": "managed",
      "type": "docker_image",
      "name": "rollofarms",
      "provider": "provider[\"registry.terraform.io/kreuzwerker/docker\"]",
      "instances": [
        {
          "schema_version": 0,
          "attributes": {
            "build": [],
            "force_remove": null,
            "id": "sha256:72081221a2fe64011d94e07a4c642c4d0386d0937d87c7ec03f56f03b09b0451roll-of-arms_roll-of-arms",
            "keep_locally": true,
            "latest": "sha256:72081221a2fe64011d94e07a4c642c4d0386d0937d87c7ec03f56f03b09b0451",
            "name": "rollofarms",
            "output": null,
            "pull_trigger": null,
            "pull_triggers": null,
            "repo_digest": ""
          },
          "sensitive_attributes": [],
          "private": "bnVsbA=="
        }
      ]
    }
  ]
}
